
Microsoft Visual Studio Solution File, Format Version 12.00
# Visual Studio 15
VisualStudioVersion = 15.0.28307.106
MinimumVisualStudioVersion = 10.0.40219.1
Project("{FAE04EC0-301F-11D3-BF4B-00C04F79EFBC}") = "nesne", "nesne\nesne.csproj", "{936AE38E-A630-4C5D-888E-11240A45D297}"
EndProject
Global
	GlobalSection(SolutionConfigurationPlatforms) = preSolution
		Debug|Any CPU = Debug|Any CPU
		Release|Any CPU = Release|Any CPU
	EndGlobalSection
	GlobalSection(ProjectConfigurationPlatforms) = postSolution
		{936AE38E-A630-4C5D-888E-11240A45D297}.Debug|Any CPU.ActiveCfg = Debug|Any CPU
		{936AE38E-A630-4C5D-888E-11240A45D297}.Debug|Any CPU.Build.0 = Debug|Any CPU
		{936AE38E-A630-4C5D-888E-11240A45D297}.Release|Any CPU.ActiveCfg = Release|Any CPU
		{936AE38E-A630-4C5D-888E-11240A45D297}.Release|Any CPU.Build.0 = Release|Any CPU
	EndGlobalSection
	GlobalSection(SolutionProperties) = preSolution
		HideSolutionNode = FALSE
	EndGlobalSection
	GlobalSection(ExtensibilityGlobals) = postSolution
		SolutionGuid = {7911DED0-1D29-407A-84CE-83DCACA60229}
	EndGlobalSection
EndGlobal
